
Microsoft Visual Studio Solution File, Format Version 12.00
# Visual Studio Version 17
VisualStudioVersion = 17.14.36414.22 d17.14
MinimumVisualStudioVersion = 10.0.40219.1
Project("{FAE04EC0-301F-11D3-BF4B-00C04F79EFBC}") = "PraticandoInjecaoDeDependencia", "PraticandoInjecaoDeDependencia\PraticandoInjecaoDeDependencia.csproj", "{88501205-A582-409F-ACFA-1D4159F7F559}"
EndProject
Global
	GlobalSection(SolutionConfigurationPlatforms) = preSolution
		Debug|Any CPU = Debug|Any CPU
		Release|Any CPU = Release|Any CPU
	EndGlobalSection
	GlobalSection(ProjectConfigurationPlatforms) = postSolution
		{88501205-A582-409F-ACFA-1D4159F7F559}.Debug|Any CPU.ActiveCfg = Debug|Any CPU
		{88501205-A582-409F-ACFA-1D4159F7F559}.Debug|Any CPU.Build.0 = Debug|Any CPU
		{88501205-A582-409F-ACFA-1D4159F7F559}.Release|Any CPU.ActiveCfg = Release|Any CPU
		{88501205-A582-409F-ACFA-1D4159F7F559}.Release|Any CPU.Build.0 = Release|Any CPU
	EndGlobalSection
	GlobalSection(SolutionProperties) = preSolution
		HideSolutionNode = FALSE
	EndGlobalSection
	GlobalSection(ExtensibilityGlobals) = postSolution
		SolutionGuid = {58B50C4E-1D33-4571-ACD1-3CEB00DFEC71}
	EndGlobalSection
EndGlobal
